
Microsoft Visual Studio Solution File, Format Version 12.00
# Visual Studio Version 17
VisualStudioVersion = 17.4.33213.308
MinimumVisualStudioVersion = 10.0.40219.1
Project("{9A19103F-16F7-4668-BE54-9A1E7A4F7556}") = "BL", "BL\BL.csproj", "{63107C79-64F1-4C25-8103-6C1BCF38CD4D}"
EndProject
Project("{9A19103F-16F7-4668-BE54-9A1E7A4F7556}") = "DL", "DL\DL.csproj", "{D39D9D0C-57DD-4ACF-950F-DB993C30254E}"
EndProject
Project("{9A19103F-16F7-4668-BE54-9A1E7A4F7556}") = "ML", "ML\ML.csproj", "{56D47515-3413-4DE3-A0B0-1DC41C8203DD}"
EndProject
Project("{9A19103F-16F7-4668-BE54-9A1E7A4F7556}") = "SL", "SL\SL.csproj", "{7BA689AB-12D5-409E-B9AE-205AF18A4154}"
EndProject
Project("{FAE04EC0-301F-11D3-BF4B-00C04F79EFBC}") = "PL", "PL\PL.csproj", "{778D73DD-2DA0-4CC0-8D37-EED6FD1FA325}"
EndProject
Global
	GlobalSection(SolutionConfigurationPlatforms) = preSolution
		Debug|Any CPU = Debug|Any CPU
		Release|Any CPU = Release|Any CPU
	EndGlobalSection
	GlobalSection(ProjectConfigurationPlatforms) = postSolution
		{63107C79-64F1-4C25-8103-6C1BCF38CD4D}.Debug|Any CPU.ActiveCfg = Debug|Any CPU
		{63107C79-64F1-4C25-8103-6C1BCF38CD4D}.Debug|Any CPU.Build.0 = Debug|Any CPU
		{63107C79-64F1-4C25-8103-6C1BCF38CD4D}.Release|Any CPU.ActiveCfg = Release|Any CPU
		{63107C79-64F1-4C25-8103-6C1BCF38CD4D}.Release|Any CPU.Build.0 = Release|Any CPU
		{D39D9D0C-57DD-4ACF-950F-DB993C30254E}.Debug|Any CPU.ActiveCfg = Debug|Any CPU
		{D39D9D0C-57DD-4ACF-950F-DB993C30254E}.Debug|Any CPU.Build.0 = Debug|Any CPU
		{D39D9D0C-57DD-4ACF-950F-DB993C30254E}.Release|Any CPU.ActiveCfg = Release|Any CPU
		{D39D9D0C-57DD-4ACF-950F-DB993C30254E}.Release|Any CPU.Build.0 = Release|Any CPU
		{56D47515-3413-4DE3-A0B0-1DC41C8203DD}.Debug|Any CPU.ActiveCfg = Debug|Any CPU
		{56D47515-3413-4DE3-A0B0-1DC41C8203DD}.Debug|Any CPU.Build.0 = Debug|Any CPU
		{56D47515-3413-4DE3-A0B0-1DC41C8203DD}.Release|Any CPU.ActiveCfg = Release|Any CPU
		{56D47515-3413-4DE3-A0B0-1DC41C8203DD}.Release|Any CPU.Build.0 = Release|Any CPU
		{7BA689AB-12D5-409E-B9AE-205AF18A4154}.Debug|Any CPU.ActiveCfg = Debug|Any CPU
		{7BA689AB-12D5-409E-B9AE-205AF18A4154}.Debug|Any CPU.Build.0 = Debug|Any CPU
		{7BA689AB-12D5-409E-B9AE-205AF18A4154}.Release|Any CPU.ActiveCfg = Release|Any CPU
		{7BA689AB-12D5-409E-B9AE-205AF18A4154}.Release|Any CPU.Build.0 = Release|Any CPU
		{778D73DD-2DA0-4CC0-8D37-EED6FD1FA325}.Debug|Any CPU.ActiveCfg = Debug|Any CPU
		{778D73DD-2DA0-4CC0-8D37-EED6FD1FA325}.Debug|Any CPU.Build.0 = Debug|Any CPU
		{778D73DD-2DA0-4CC0-8D37-EED6FD1FA325}.Release|Any CPU.ActiveCfg = Release|Any CPU
		{778D73DD-2DA0-4CC0-8D37-EED6FD1FA325}.Release|Any CPU.Build.0 = Release|Any CPU
	EndGlobalSection
	GlobalSection(SolutionProperties) = preSolution
		HideSolutionNode = FALSE
	EndGlobalSection
	GlobalSection(ExtensibilityGlobals) = postSolution
		SolutionGuid = {2E9E7C79-52AF-4C26-9012-24BAE3155351}
	EndGlobalSection
EndGlobal
